
Microsoft Visual Studio Solution File, Format Version 12.00
# Visual Studio Version 16
VisualStudioVersion = 16.0.30611.23
MinimumVisualStudioVersion = 10.0.40219.1
Project("{8BC9CEB8-8B4A-11D0-8D11-00A0C91BC942}") = "asdasda", "asdasda\asdasda.vcxproj", "{1559DD94-0F99-49A9-AA2F-4B177AC4E58F}"
EndProject
Global
	GlobalSection(SolutionConfigurationPlatforms) = preSolution
		Debug|x64 = Debug|x64
		Debug|x86 = Debug|x86
		Release|x64 = Release|x64
		Release|x86 = Release|x86
	EndGlobalSection
	GlobalSection(ProjectConfigurationPlatforms) = postSolution
		{1559DD94-0F99-49A9-AA2F-4B177AC4E58F}.Debug|x64.ActiveCfg = Debug|x64
		{1559DD94-0F99-49A9-AA2F-4B177AC4E58F}.Debug|x64.Build.0 = Debug|x64
		{1559DD94-0F99-49A9-AA2F-4B177AC4E58F}.Debug|x86.ActiveCfg = Debug|Win32
		{1559DD94-0F99-49A9-AA2F-4B177AC4E58F}.Debug|x86.Build.0 = Debug|Win32
		{1559DD94-0F99-49A9-AA2F-4B177AC4E58F}.Release|x64.ActiveCfg = Release|x64
		{1559DD94-0F99-49A9-AA2F-4B177AC4E58F}.Release|x64.Build.0 = Release|x64
		{1559DD94-0F99-49A9-AA2F-4B177AC4E58F}.Release|x86.ActiveCfg = Release|Win32
		{1559DD94-0F99-49A9-AA2F-4B177AC4E58F}.Release|x86.Build.0 = Release|Win32
	EndGlobalSection
	GlobalSection(SolutionProperties) = preSolution
		HideSolutionNode = FALSE
	EndGlobalSection
	GlobalSection(ExtensibilityGlobals) = postSolution
		SolutionGuid = {B0E2495D-3606-4BB4-BD84-7B85FB5E1E27}
	EndGlobalSection
EndGlobal
