
Microsoft Visual Studio Solution File, Format Version 12.00
# Visual Studio Version 16
VisualStudioVersion = 16.0.30611.23
MinimumVisualStudioVersion = 10.0.40219.1
Project("{FAE04EC0-301F-11D3-BF4B-00C04F79EFBC}") = "ConsoleApp1", "ConsoleApp1\ConsoleApp1.csproj", "{A8A1DF4F-9F5C-423A-A6A8-AA1096B8CCEE}"
EndProject
Global
	GlobalSection(SolutionConfigurationPlatforms) = preSolution
		Debug|Any CPU = Debug|Any CPU
		Release|Any CPU = Release|Any CPU
	EndGlobalSection
	GlobalSection(ProjectConfigurationPlatforms) = postSolution
		{A8A1DF4F-9F5C-423A-A6A8-AA1096B8CCEE}.Debug|Any CPU.ActiveCfg = Debug|Any CPU
		{A8A1DF4F-9F5C-423A-A6A8-AA1096B8CCEE}.Debug|Any CPU.Build.0 = Debug|Any CPU
		{A8A1DF4F-9F5C-423A-A6A8-AA1096B8CCEE}.Release|Any CPU.ActiveCfg = Release|Any CPU
		{A8A1DF4F-9F5C-423A-A6A8-AA1096B8CCEE}.Release|Any CPU.Build.0 = Release|Any CPU
	EndGlobalSection
	GlobalSection(SolutionProperties) = preSolution
		HideSolutionNode = FALSE
	EndGlobalSection
	GlobalSection(ExtensibilityGlobals) = postSolution
		SolutionGuid = {49D8CEC7-3A56-4E79-95EE-F67AF237C6B2}
	EndGlobalSection
EndGlobal
